
Microsoft Visual Studio Solution File, Format Version 12.00
# Visual Studio Version 17
VisualStudioVersion = 17.0.32112.339
MinimumVisualStudioVersion = 10.0.40219.1
Project("{FAE04EC0-301F-11D3-BF4B-00C04F79EFBC}") = "BlocoDeNotas", "BlocoDeNotas\BlocoDeNotas.csproj", "{FD7A6B85-30FE-40AF-96F0-739CD2FE1602}"
EndProject
Global
	GlobalSection(SolutionConfigurationPlatforms) = preSolution
		Debug|Any CPU = Debug|Any CPU
		Release|Any CPU = Release|Any CPU
	EndGlobalSection
	GlobalSection(ProjectConfigurationPlatforms) = postSolution
		{FD7A6B85-30FE-40AF-96F0-739CD2FE1602}.Debug|Any CPU.ActiveCfg = Debug|Any CPU
		{FD7A6B85-30FE-40AF-96F0-739CD2FE1602}.Debug|Any CPU.Build.0 = Debug|Any CPU
		{FD7A6B85-30FE-40AF-96F0-739CD2FE1602}.Release|Any CPU.ActiveCfg = Release|Any CPU
		{FD7A6B85-30FE-40AF-96F0-739CD2FE1602}.Release|Any CPU.Build.0 = Release|Any CPU
	EndGlobalSection
	GlobalSection(SolutionProperties) = preSolution
		HideSolutionNode = FALSE
	EndGlobalSection
	GlobalSection(ExtensibilityGlobals) = postSolution
		SolutionGuid = {682883BA-B1D0-44EB-A8A8-9E5E43179879}
	EndGlobalSection
EndGlobal
